
Microsoft Visual Studio Solution File, Format Version 12.00
# Visual Studio Version 17
VisualStudioVersion = 17.14.36603.0 d17.14
MinimumVisualStudioVersion = 10.0.40219.1
Project("{FAE04EC0-301F-11D3-BF4B-00C04F79EFBC}") = "method series 1.2 even odd", "method series 1.2 even odd.csproj", "{023E5F50-E961-46A2-A3BE-29049A098D92}"
EndProject
Global
	GlobalSection(SolutionConfigurationPlatforms) = preSolution
		Debug|Any CPU = Debug|Any CPU
		Release|Any CPU = Release|Any CPU
	EndGlobalSection
	GlobalSection(ProjectConfigurationPlatforms) = postSolution
		{023E5F50-E961-46A2-A3BE-29049A098D92}.Debug|Any CPU.ActiveCfg = Debug|Any CPU
		{023E5F50-E961-46A2-A3BE-29049A098D92}.Debug|Any CPU.Build.0 = Debug|Any CPU
		{023E5F50-E961-46A2-A3BE-29049A098D92}.Release|Any CPU.ActiveCfg = Release|Any CPU
		{023E5F50-E961-46A2-A3BE-29049A098D92}.Release|Any CPU.Build.0 = Release|Any CPU
	EndGlobalSection
	GlobalSection(SolutionProperties) = preSolution
		HideSolutionNode = FALSE
	EndGlobalSection
	GlobalSection(ExtensibilityGlobals) = postSolution
		SolutionGuid = {A1172CB9-C3AF-45D5-A26C-955FA3D1E178}
	EndGlobalSection
EndGlobal
